
Microsoft Visual Studio Solution File, Format Version 12.00
Project("{FAE04EC0-301F-11D3-BF4B-00C04F79EFBC}") = "MudBlazorWebApp1", "MudBlazorWebApp1\MudBlazorWebApp1.csproj", "{B8F9A0DA-4DE2-41BA-86D7-83A0F1831D26}"
EndProject
Global
	GlobalSection(SolutionConfigurationPlatforms) = preSolution
		Debug|Any CPU = Debug|Any CPU
		Release|Any CPU = Release|Any CPU
	EndGlobalSection
	GlobalSection(ProjectConfigurationPlatforms) = postSolution
		{B8F9A0DA-4DE2-41BA-86D7-83A0F1831D26}.Debug|Any CPU.ActiveCfg = Debug|Any CPU
		{B8F9A0DA-4DE2-41BA-86D7-83A0F1831D26}.Debug|Any CPU.Build.0 = Debug|Any CPU
		{B8F9A0DA-4DE2-41BA-86D7-83A0F1831D26}.Release|Any CPU.ActiveCfg = Release|Any CPU
		{B8F9A0DA-4DE2-41BA-86D7-83A0F1831D26}.Release|Any CPU.Build.0 = Release|Any CPU
	EndGlobalSection
EndGlobal
